// !$*UTF8*$!
{
	archiveVersion = 1;
	classes = {
	};
	objectVersion = 55;
	objects = {

/* Begin PBXBuildFile section */
		63CEAF4B28BE47C700C351BF /* AppDelegate.swift in Sources */ = {isa = PBXBuildFile; fileRef = 63CEAF4A28BE47C700C351BF /* AppDelegate.swift */; };
		63CEAF4D28BE47C700C351BF /* SceneDelegate.swift in Sources */ = {isa = PBXBuildFile; fileRef = 63CEAF4C28BE47C700C351BF /* SceneDelegate.swift */; };
		63CEAF4F28BE47C700C351BF /* ViewController.swift in Sources */ = {isa = PBXBuildFile; fileRef = 63CEAF4E28BE47C700C351BF /* ViewController.swift */; };
		63CEAF5228BE47C700C351BF /* Main.storyboard in Resources */ = {isa = PBXBuildFile; fileRef = 63CEAF5028BE47C700C351BF /* Main.storyboard */; };
		63CEAF5528BE47C700C351BF /* Swift_Han.xcdatamodeld in Sources */ = {isa = PBXBuildFile; fileRef = 63CEAF5328BE47C700C351BF /* Swift_Han.xcdatamodeld */; };
		63CEAF5728BE47C800C351BF /* Assets.xcassets in Resources */ = {isa = PBXBuildFile; fileRef = 63CEAF5628BE47C800C351BF /* Assets.xcassets */; };
		63CEAF5A28BE47C800C351BF /* LaunchScreen.storyboard in Resources */ = {isa = PBXBuildFile; fileRef = 63CEAF5828BE47C800C351BF /* LaunchScreen.storyboard */; };
		63CEAF6728C4E31A00C351BF /* MyTableViewCell.swift in Sources */ = {isa = PBXBuildFile; fileRef = 63CEAF6628C4E31A00C351BF /* MyTableViewCell.swift */; };
/* End PBXBuildFile section */

/* Begin PBXFileReference section */
		63900E1328C6262D00531557 /* #Method and Closure.playground */ = {isa = PBXFileReference; lastKnownFileType = file.playground; path = "#Method and Closure.playground"; sourceTree = "<group>"; xcLanguageSpecificationIdentifier = xcode.lang.swift; };
		63CEAF4728BE47C700C351BF /* Swift-Han.app */ = {isa = PBXFileReference; explicitFileType = wrapper.application; includeInIndex = 0; path = "Swift-Han.app"; sourceTree = BUILT_PRODUCTS_DIR; };
		63CEAF4A28BE47C700C351BF /* AppDelegate.swift */ = {isa = PBXFileReference; lastKnownFileType = sourcecode.swift; path = AppDelegate.swift; sourceTree = "<group>"; };
		63CEAF4C28BE47C700C351BF /* SceneDelegate.swift */ = {isa = PBXFileReference; lastKnownFileType = sourcecode.swift; path = SceneDelegate.swift; sourceTree = "<group>"; };
		63CEAF4E28BE47C700C351BF /* ViewController.swift */ = {isa = PBXFileReference; lastKnownFileType = sourcecode.swift; path = ViewController.swift; sourceTree = "<group>"; };
		63CEAF5128BE47C700C351BF /* Base */ = {isa = PBXFileReference; lastKnownFileType = file.storyboard; name = Base; path = Base.lproj/Main.storyboard; sourceTree = "<group>"; };
		63CEAF5428BE47C700C351BF /* Swift_Han.xcdatamodel */ = {isa = PBXFileReference; lastKnownFileType = wrapper.xcdatamodel; path = Swift_Han.xcdatamodel; sourceTree = "<group>"; };
		63CEAF5628BE47C800C351BF /* Assets.xcassets */ = {isa = PBXFileReference; lastKnownFileType = folder.assetcatalog; path = Assets.xcassets; sourceTree = "<group>"; };
		63CEAF5928BE47C800C351BF /* Base */ = {isa = PBXFileReference; lastKnownFileType = file.storyboard; name = Base; path = Base.lproj/LaunchScreen.storyboard; sourceTree = "<group>"; };
		63CEAF5B28BE47C800C351BF /* Info.plist */ = {isa = PBXFileReference; lastKnownFileType = text.plist.xml; path = Info.plist; sourceTree = "<group>"; };
		63CEAF6128BE47EC00C351BF /* #OneWeek - type.playground */ = {isa = PBXFileReference; lastKnownFileType = file.playground; path = "#OneWeek - type.playground"; sourceTree = "<group>"; xcLanguageSpecificationIdentifier = xcode.lang.swift; };
		63CEAF6228BE4CEB00C351BF /* #Optional - important.playground */ = {isa = PBXFileReference; lastKnownFileType = file.playground; path = "#Optional - important.playground"; sourceTree = "<group>"; xcLanguageSpecificationIdentifier = xcode.lang.swift; };
		63CEAF6328BFA31700C351BF /* #OneWeek - Operator.playground */ = {isa = PBXFileReference; lastKnownFileType = file.playground; path = "#OneWeek - Operator.playground"; sourceTree = "<group>"; xcLanguageSpecificationIdentifier = xcode.lang.swift; };
		63CEAF6628C4E31A00C351BF /* MyTableViewCell.swift */ = {isa = PBXFileReference; lastKnownFileType = sourcecode.swift; path = MyTableViewCell.swift; sourceTree = "<group>"; };
		63CEAF6A28C4F0EA00C351BF /* #OneWeek - 제어.playground */ = {isa = PBXFileReference; lastKnownFileType = file.playground; path = "#OneWeek - 제어.playground"; sourceTree = "<group>"; xcLanguageSpecificationIdentifier = xcode.lang.swift; };
/* End PBXFileReference section */

/* Begin PBXFrameworksBuildPhase section */
		63CEAF4428BE47C700C351BF /* Frameworks */ = {
			isa = PBXFrameworksBuildPhase;
			buildActionMask = 2147483647;
			files = (
			);
			runOnlyForDeploymentPostprocessing = 0;
		};
/* End PBXFrameworksBuildPhase section */

/* Begin PBXGroup section */
		63CEAF3E28BE47C700C351BF = {
			isa = PBXGroup;
			children = (
				63CEAF4928BE47C700C351BF /* Swift-Han */,
				63CEAF4828BE47C700C351BF /* Products */,
			);
			sourceTree = "<group>";
		};
		63CEAF4828BE47C700C351BF /* Products */ = {
			isa = PBXGroup;
			children = (
				63CEAF4728BE47C700C351BF /* Swift-Han.app */,
			);
			name = Products;
			sourceTree = "<group>";
		};
		63CEAF4928BE47C700C351BF /* Swift-Han */ = {
			isa = PBXGroup;
			children = (
				63CEAF4A28BE47C700C351BF /* AppDelegate.swift */,
				63CEAF4C28BE47C700C351BF /* SceneDelegate.swift */,
				63CEAF4E28BE47C700C351BF /* ViewController.swift */,
				63CEAF6628C4E31A00C351BF /* MyTableViewCell.swift */,
				63CEAF5028BE47C700C351BF /* Main.storyboard */,
				63CEAF5628BE47C800C351BF /* Assets.xcassets */,
				63CEAF5828BE47C800C351BF /* LaunchScreen.storyboard */,
				63CEAF5B28BE47C800C351BF /* Info.plist */,
				63CEAF5328BE47C700C351BF /* Swift_Han.xcdatamodeld */,
				63CEAF6128BE47EC00C351BF /* #OneWeek - type.playground */,
				63CEAF6228BE4CEB00C351BF /* #Optional - important.playground */,
				63CEAF6328BFA31700C351BF /* #OneWeek - Operator.playground */,
				63CEAF6A28C4F0EA00C351BF /* #OneWeek - 제어.playground */,
				63900E1328C6262D00531557 /* #Method and Closure.playground */,
			);
			path = "Swift-Han";
			sourceTree = "<group>";
		};
/* End PBXGroup section */

/* Begin PBXNativeTarget section */
		63CEAF4628BE47C700C351BF /* Swift-Han */ = {
			isa = PBXNativeTarget;
			buildConfigurationList = 63CEAF5E28BE47C800C351BF /* Build configuration list for PBXNativeTarget "Swift-Han" */;
			buildPhases = (
				63CEAF4328BE47C700C351BF /* Sources */,
				63CEAF4428BE47C700C351BF /* Frameworks */,
				63CEAF4528BE47C700C351BF /* Resources */,
			);
			buildRules = (
			);
			dependencies = (
			);
			name = "Swift-Han";
			productName = "Swift-Han";
			productReference = 63CEAF4728BE47C700C351BF /* Swift-Han.app */;
			productType = "com.apple.product-type.application";
		};
/* End PBXNativeTarget section */

/* Begin PBXProject section */
		63CEAF3F28BE47C700C351BF /* Project object */ = {
			isa = PBXProject;
			attributes = {
				BuildIndependentTargetsInParallel = 1;
				LastSwiftUpdateCheck = 1340;
				LastUpgradeCheck = 1340;
				TargetAttributes = {
					63CEAF4628BE47C700C351BF = {
						CreatedOnToolsVersion = 13.4.1;
					};
				};
			};
			buildConfigurationList = 63CEAF4228BE47C700C351BF /* Build configuration list for PBXProject "Swift-Han" */;
			compatibilityVersion = "Xcode 13.0";
			developmentRegion = en;
			hasScannedForEncodings = 0;
			knownRegions = (
				en,
				Base,
			);
			mainGroup = 63CEAF3E28BE47C700C351BF;
			productRefGroup = 63CEAF4828BE47C700C351BF /* Products */;
			projectDirPath = "";
			projectRoot = "";
			targets = (
				63CEAF4628BE47C700C351BF /* Swift-Han */,
			);
		};
/* End PBXProject section */

/* Begin PBXResourcesBuildPhase section */
		63CEAF4528BE47C700C351BF /* Resources */ = {
			isa = PBXResourcesBuildPhase;
			buildActionMask = 2147483647;
			files = (
				63CEAF5A28BE47C800C351BF /* LaunchScreen.storyboard in Resources */,
				63CEAF5728BE47C800C351BF /* Assets.xcassets in Resources */,
				63CEAF5228BE47C700C351BF /* Main.storyboard in Resources */,
			);
			runOnlyForDeploymentPostprocessing = 0;
		};
/* End PBXResourcesBuildPhase section */

/* Begin PBXSourcesBuildPhase section */
		63CEAF4328BE47C700C351BF /* Sources */ = {
			isa = PBXSourcesBuildPhase;
			buildActionMask = 2147483647;
			files = (
				63CEAF4F28BE47C700C351BF /* ViewController.swift in Sources */,
				63CEAF5528BE47C700C351BF /* Swift_Han.xcdatamodeld in Sources */,
				63CEAF4B28BE47C700C351BF /* AppDelegate.swift in Sources */,
				63CEAF6728C4E31A00C351BF /* MyTableViewCell.swift in Sources */,
				63CEAF4D28BE47C700C351BF /* SceneDelegate.swift in Sources */,
			);
			runOnlyForDeploymentPostprocessing = 0;
		};
/* End PBXSourcesBuildPhase section */

/* Begin PBXVariantGroup section */
		63CEAF5028BE47C700C351BF /* Main.storyboard */ = {
			isa = PBXVariantGroup;
			children = (
				63CEAF5128BE47C700C351BF /* Base */,
			);
			name = Main.storyboard;
			sourceTree = "<group>";
		};
		63CEAF5828BE47C800C351BF /* LaunchScreen.storyboard */ = {
			isa = PBXVariantGroup;
			children = (
				63CEAF5928BE47C800C351BF /* Base */,
			);
			name = LaunchScreen.storyboard;
			sourceTree = "<group>";
		};
/* End PBXVariantGroup section */

/* Begin XCBuildConfiguration section */
		63CEAF5C28BE47C800C351BF /* Debug */ = {
			isa = XCBuildConfiguration;
			buildSettings = {
				ALWAYS_SEARCH_USER_PATHS = NO;
				CLANG_ANALYZER_NONNULL = YES;
				CLANG_ANALYZER_NUMBER_OBJECT_CONVERSION = YES_AGGRESSIVE;
				CLANG_CXX_LANGUAGE_STANDARD = "gnu++17";
				CLANG_ENABLE_MODULES = YES;
				CLANG_ENABLE_OBJC_ARC = YES;
				CLANG_ENABLE_OBJC_WEAK = YES;
				CLANG_WARN_BLOCK_CAPTURE_AUTORELEASING = YES;
				CLANG_WARN_BOOL_CONVERSION = YES;
				CLANG_WARN_COMMA = YES;
				CLANG_WARN_CONSTANT_CONVERSION = YES;
				CLANG_WARN_DEPRECATED_OBJC_IMPLEMENTATIONS = YES;
				CLANG_WARN_DIRECT_OBJC_ISA_USAGE = YES_ERROR;
				CLANG_WARN_DOCUMENTATION_COMMENTS = YES;
				CLANG_WARN_EMPTY_BODY = YES;
				CLANG_WARN_ENUM_CONVERSION = YES;
				CLANG_WARN_INFINITE_RECURSION = YES;
				CLANG_WARN_INT_CONVERSION = YES;
				CLANG_WARN_NON_LITERAL_NULL_CONVERSION = YES;
				CLANG_WARN_OBJC_IMPLICIT_RETAIN_SELF = YES;
				CLANG_WARN_OBJC_LITERAL_CONVERSION = YES;
				CLANG_WARN_OBJC_ROOT_CLASS = YES_ERROR;
				CLANG_WARN_QUOTED_INCLUDE_IN_FRAMEWORK_HEADER = YES;
				CLANG_WARN_RANGE_LOOP_ANALYSIS = YES;
				CLANG_WARN_STRICT_PROTOTYPES = YES;
				CLANG_WARN_SUSPICIOUS_MOVE = YES;
				CLANG_WARN_UNGUARDED_AVAILABILITY = YES_AGGRESSIVE;
				CLANG_WARN_UNREACHABLE_CODE = YES;
				CLANG_WARN__DUPLICATE_METHOD_MATCH = YES;
				COPY_PHASE_STRIP = NO;
				DEBUG_INFORMATION_FORMAT = dwarf;
				ENABLE_STRICT_OBJC_MSGSEND = YES;
				ENABLE_TESTABILITY = YES;
				GCC_C_LANGUAGE_STANDARD = gnu11;
				GCC_DYNAMIC_NO_PIC = NO;
				GCC_NO_COMMON_BLOCKS = YES;
				GCC_OPTIMIZATION_LEVEL = 0;
				GCC_PREPROCESSOR_DEFINITIONS = (
					"DEBUG=1",
					"$(inherited)",
				);
				GCC_WARN_64_TO_32_BIT_CONVERSION = YES;
				GCC_WARN_ABOUT_RETURN_TYPE = YES_ERROR;
				GCC_WARN_UNDECLARED_SELECTOR = YES;
				GCC_WARN_UNINITIALIZED_AUTOS = YES_AGGRESSIVE;
				GCC_WARN_UNUSED_FUNCTION = YES;
				GCC_WARN_UNUSED_VARIABLE = YES;
				IPHONEOS_DEPLOYMENT_TARGET = 15.5;
				MTL_ENABLE_DEBUG_INFO = INCLUDE_SOURCE;
				MTL_FAST_MATH = YES;
				ONLY_ACTIVE_ARCH = YES;
				SDKROOT = iphoneos;
				SWIFT_ACTIVE_COMPILATION_CONDITIONS = DEBUG;
				SWIFT_OPTIMIZATION_LEVEL = "-Onone";
			};
			name = Debug;
		};
		63CEAF5D28BE47C800C351BF /* Release */ = {
			isa = XCBuildConfiguration;
			buildSettings = {
				ALWAYS_SEARCH_USER_PATHS = NO;
				CLANG_ANALYZER_NONNULL = YES;
				CLANG_ANALYZER_NUMBER_OBJECT_CONVERSION = YES_AGGRESSIVE;
				CLANG_CXX_LANGUAGE_STANDARD = "gnu++17";
				CLANG_ENABLE_MODULES = YES;
				CLANG_ENABLE_OBJC_ARC = YES;
				CLANG_ENABLE_OBJC_WEAK = YES;
				CLANG_WARN_BLOCK_CAPTURE_AUTORELEASING = YES;
				CLANG_WARN_BOOL_CONVERSION = YES;
				CLANG_WARN_COMMA = YES;
				CLANG_WARN_CONSTANT_CONVERSION = YES;
				CLANG_WARN_DEPRECATED_OBJC_IMPLEMENTATIONS = YES;
				CLANG_WARN_DIRECT_OBJC_ISA_USAGE = YES_ERROR;
				CLANG_WARN_DOCUMENTATION_COMMENTS = YES;
				CLANG_WARN_EMPTY_BODY = YES;
				CLANG_WARN_ENUM_CONVERSION = YES;
				CLANG_WARN_INFINITE_RECURSION = YES;
				CLANG_WARN_INT_CONVERSION = YES;
				CLANG_WARN_NON_LITERAL_NULL_CONVERSION = YES;
				CLANG_WARN_OBJC_IMPLICIT_RETAIN_SELF = YES;
				CLANG_WARN_OBJC_LITERAL_CONVERSION = YES;
				CLANG_WARN_OBJC_ROOT_CLASS = YES_ERROR;
				CLANG_WARN_QUOTED_INCLUDE_IN_FRAMEWORK_HEADER = YES;
				CLANG_WARN_RANGE_LOOP_ANALYSIS = YES;
				CLANG_WARN_STRICT_PROTOTYPES = YES;
				CLANG_WARN_SUSPICIOUS_MOVE = YES;
				CLANG_WARN_UNGUARDED_AVAILABILITY = YES_AGGRESSIVE;
				CLANG_WARN_UNREACHABLE_CODE = YES;
				CLANG_WARN__DUPLICATE_METHOD_MATCH = YES;
				COPY_PHASE_STRIP = NO;
				DEBUG_INFORMATION_FORMAT = "dwarf-with-dsym";
				ENABLE_NS_ASSERTIONS = NO;
				ENABLE_STRICT_OBJC_MSGSEND = YES;
				GCC_C_LANGUAGE_STANDARD = gnu11;
				GCC_NO_COMMON_BLOCKS = YES;
				GCC_WARN_64_TO_32_BIT_CONVERSION = YES;
				GCC_WARN_ABOUT_RETURN_TYPE = YES_ERROR;
				GCC_WARN_UNDECLARED_SELECTOR = YES;
				GCC_WARN_UNINITIALIZED_AUTOS = YES_AGGRESSIVE;
				GCC_WARN_UNUSED_FUNCTION = YES;
				GCC_WARN_UNUSED_VARIABLE = YES;
				IPHONEOS_DEPLOYMENT_TARGET = 15.5;
				MTL_ENABLE_DEBUG_INFO = NO;
				MTL_FAST_MATH = YES;
				SDKROOT = iphoneos;
				SWIFT_COMPILATION_MODE = wholemodule;
				SWIFT_OPTIMIZATION_LEVEL = "-O";
				VALIDATE_PRODUCT = YES;
			};
			name = Release;
		};
		63CEAF5F28BE47C800C351BF /* Debug */ = {
			isa = XCBuildConfiguration;
			buildSettings = {
				ASSETCATALOG_COMPILER_APPICON_NAME = AppIcon;
				ASSETCATALOG_COMPILER_GLOBAL_ACCENT_COLOR_NAME = AccentColor;
				CODE_SIGN_STYLE = Automatic;
				CURRENT_PROJECT_VERSION = 1;
				DEVELOPMENT_TEAM = 6YW7HXY72J;
				GENERATE_INFOPLIST_FILE = YES;
				INFOPLIST_FILE = "Swift-Han/Info.plist";
				INFOPLIST_KEY_UIApplicationSupportsIndirectInputEvents = YES;
				INFOPLIST_KEY_UILaunchStoryboardName = LaunchScreen;
				INFOPLIST_KEY_UIMainStoryboardFile = Main;
				INFOPLIST_KEY_UISupportedInterfaceOrientations_iPad = "UIInterfaceOrientationPortrait UIInterfaceOrientationPortraitUpsideDown UIInterfaceOrientationLandscapeLeft UIInterfaceOrientationLandscapeRight";
				INFOPLIST_KEY_UISupportedInterfaceOrientations_iPhone = "UIInterfaceOrientationPortrait UIInterfaceOrientationLandscapeLeft UIInterfaceOrientationLandscapeRight";
				LD_RUNPATH_SEARCH_PATHS = (
					"$(inherited)",
					"@executable_path/Frameworks",
				);
				MARKETING_VERSION = 1.0;
				PRODUCT_BUNDLE_IDENTIFIER = "Subin-Yoon.Swift-Han";
				PRODUCT_NAME = "$(TARGET_NAME)";
				SWIFT_EMIT_LOC_STRINGS = YES;
				SWIFT_VERSION = 5.0;
				TARGETED_DEVICE_FAMILY = "1,2";
			};
			name = Debug;
		};
		63CEAF6028BE47C800C351BF /* Release */ = {
			isa = XCBuildConfiguration;
			buildSettings = {
				ASSETCATALOG_COMPILER_APPICON_NAME = AppIcon;
				ASSETCATALOG_COMPILER_GLOBAL_ACCENT_COLOR_NAME = AccentColor;
				CODE_SIGN_STYLE = Automatic;
				CURRENT_PROJECT_VERSION = 1;
				DEVELOPMENT_TEAM = 6YW7HXY72J;
				GENERATE_INFOPLIST_FILE = YES;
				INFOPLIST_FILE = "Swift-Han/Info.plist";
				INFOPLIST_KEY_UIApplicationSupportsIndirectInputEvents = YES;
				INFOPLIST_KEY_UILaunchStoryboardName = LaunchScreen;
				INFOPLIST_KEY_UIMainStoryboardFile = Main;
				INFOPLIST_KEY_UISupportedInterfaceOrientations_iPad = "UIInterfaceOrientationPortrait UIInterfaceOrientationPortraitUpsideDown UIInterfaceOrientationLandscapeLeft UIInterfaceOrientationLandscapeRight";
				INFOPLIST_KEY_UISupportedInterfaceOrientations_iPhone = "UIInterfaceOrientationPortrait UIInterfaceOrientationLandscapeLeft UIInterfaceOrientationLandscapeRight";
				LD_RUNPATH_SEARCH_PATHS = (
					"$(inherited)",
					"@executable_path/Frameworks",
				);
				MARKETING_VERSION = 1.0;
				PRODUCT_BUNDLE_IDENTIFIER = "Subin-Yoon.Swift-Han";
				PRODUCT_NAME = "$(TARGET_NAME)";
				SWIFT_EMIT_LOC_STRINGS = YES;
				SWIFT_VERSION = 5.0;
				TARGETED_DEVICE_FAMILY = "1,2";
			};
			name = Release;
		};
/* End XCBuildConfiguration section */

/* Begin XCConfigurationList section */
		63CEAF4228BE47C700C351BF /* Build configuration list for PBXProject "Swift-Han" */ = {
			isa = XCConfigurationList;
			buildConfigurations = (
				63CEAF5C28BE47C800C351BF /* Debug */,
				63CEAF5D28BE47C800C351BF /* Release */,
			);
			defaultConfigurationIsVisible = 0;
			defaultConfigurationName = Release;
		};
		63CEAF5E28BE47C800C351BF /* Build configuration list for PBXNativeTarget "Swift-Han" */ = {
			isa = XCConfigurationList;
			buildConfigurations = (
				63CEAF5F28BE47C800C351BF /* Debug */,
				63CEAF6028BE47C800C351BF /* Release */,
			);
			defaultConfigurationIsVisible = 0;
			defaultConfigurationName = Release;
		};
/* End XCConfigurationList section */

/* Begin XCVersionGroup section */
		63CEAF5328BE47C700C351BF /* Swift_Han.xcdatamodeld */ = {
			isa = XCVersionGroup;
			children = (
				63CEAF5428BE47C700C351BF /* Swift_Han.xcdatamodel */,
			);
			currentVersion = 63CEAF5428BE47C700C351BF /* Swift_Han.xcdatamodel */;
			path = Swift_Han.xcdatamodeld;
			sourceTree = "<group>";
			versionGroupType = wrapper.xcdatamodel;
		};
/* End XCVersionGroup section */
	};
	rootObject = 63CEAF3F28BE47C700C351BF /* Project object */;
}
